version = 1
revision = 2
requires-python = ">=3.13"

[[package]]
name = "colorama"
version = "0.4.6"
source = { registry = "https://pypi.org/simple" }
sdist = { url = "https://files.pythonhosted.org/packages/d8/53/6f443c9a4a8358a93a6792e2acffb9d9d5cb0a5cfd8802644b7b1c9a02e4/colorama-0.4.6.tar.gz", hash = "sha256:08695f5cb7ed6e0531a20572697297273c47b8cae5a63ffc6d6ed5c201be6e44", size = 27697, upload_time = "2022-10-25T02:36:22.414Z" }
wheels = [
    { url = "https://files.pythonhosted.org/packages/d1/d6/3965ed04c63042e047cb6a3e6ed1a63a35087b6a609aa3a15ed8ac56c221/colorama-0.4.6-py2.py3-none-any.whl", hash = "sha256:4f1d9991f5acc0ca119f9d443620b77f9d6b33703e51011c16baf57afb285fc6", size = 25335, upload_time = "2022-10-25T02:36:20.889Z" },
]

[[package]]
name = "iniconfig"
version = "2.1.0"
source = { registry = "https://pypi.org/simple" }
sdist = { url = "https://files.pythonhosted.org/packages/f2/97/ebf4da567aa6827c909642694d71c9fcf53e5b504f2d96afea02718862f3/iniconfig-2.1.0.tar.gz", hash = "sha256:3abbd2e30b36733fee78f9c7f7308f2d0050e88f0087fd25c2645f63c773e1c7", size = 4793, upload_time = "2025-03-19T20:09:59.721Z" }
wheels = [
    { url = "https://files.pythonhosted.org/packages/2c/e1/e6716421ea10d38022b952c159d5161ca1193197fb744506875fbb87ea7b/iniconfig-2.1.0-py3-none-any.whl", hash = "sha256:9deba5723312380e77435581c6bf4935c94cbfab9b1ed33ef8d238ea168eb760", size = 6050, upload_time = "2025-03-19T20:10:01.071Z" },
]

[[package]]
name = "packaging"
version = "25.0"
source = { registry = "https://pypi.org/simple" }
sdist = { url = "https://files.pythonhosted.org/packages/a1/d4/1fc4078c65507b51b96ca8f8c3ba19e6a61c8253c72794544580a7b6c24d/packaging-25.0.tar.gz", hash = "sha256:d443872c98d677bf60f6a1f2f8c1cb748e8fe762d2bf9d3148b5599295b0fc4f", size = 165727, upload_time = "2025-04-19T11:48:59.673Z" }
wheels = [
    { url = "https://files.pythonhosted.org/packages/20/12/38679034af332785aac8774540895e234f4d07f7545804097de4b666afd8/packaging-25.0-py3-none-any.whl", hash = "sha256:29572ef2b1f17581046b3a2227d5c611fb25ec70ca1ba8554b24b0e69331a484", size = 66469, upload_time = "2025-04-19T11:48:57.875Z" },
]

[[package]]
name = "pluggy"
version = "1.5.0"
source = { registry = "https://pypi.org/simple" }
sdist = { url = "https://files.pythonhosted.org/packages/96/2d/02d4312c973c6050a18b314a5ad0b3210edb65a906f868e31c111dede4a6/pluggy-1.5.0.tar.gz", hash = "sha256:2cffa88e94fdc978c4c574f15f9e59b7f4201d439195c3715ca9e2486f1d0cf1", size = 67955, upload_time = "2024-04-20T21:34:42.531Z" }
wheels = [
    { url = "https://files.pythonhosted.org/packages/88/5f/e351af9a41f866ac3f1fac4ca0613908d9a41741cfcf2228f4ad853b697d/pluggy-1.5.0-py3-none-any.whl", hash = "sha256:44e1ad92c8ca002de6377e165f3e0f1be63266ab4d554740532335b9d75ea669", size = 20556, upload_time = "2024-04-20T21:34:40.434Z" },
]

[[package]]
name = "psql"
version = "0.1.0"
source = { virtual = "." }
dependencies = [
    { name = "psycopg", extra = ["binary"] },
]

[package.dev-dependencies]
dev = [
    { name = "pytest" },
    { name = "tabulate" },
]

[package.metadata]
requires-dist = [{ name = "psycopg", extras = ["binary"], specifier = ">=3.2.6" }]

[package.metadata.requires-dev]
dev = [
    { name = "pytest", specifier = ">=8.3.5" },
    { name = "tabulate", specifier = ">=0.9.0" },
]

[[package]]
name = "psycopg"
version = "3.2.6"
source = { registry = "https://pypi.org/simple" }
dependencies = [
    { name = "tzdata", marker = "sys_platform == 'win32'" },
]
sdist = { url = "https://files.pythonhosted.org/packages/67/97/eea08f74f1c6dd2a02ee81b4ebfe5b558beb468ebbd11031adbf58d31be0/psycopg-3.2.6.tar.gz", hash = "sha256:16fa094efa2698f260f2af74f3710f781e4a6f226efe9d1fd0c37f384639ed8a", size = 156322, upload_time = "2025-03-12T20:43:12.228Z" }
wheels = [
    { url = "https://files.pythonhosted.org/packages/d7/7d/0ba52deff71f65df8ec8038adad86ba09368c945424a9bd8145d679a2c6a/psycopg-3.2.6-py3-none-any.whl", hash = "sha256:f3ff5488525890abb0566c429146add66b329e20d6d4835662b920cbbf90ac58", size = 199077, upload_time = "2025-03-12T20:38:07.112Z" },
]

[package.optional-dependencies]
binary = [
    { name = "psycopg-binary", marker = "implementation_name != 'pypy'" },
]

[[package]]
name = "psycopg-binary"
version = "3.2.6"
source = { registry = "https://pypi.org/simple" }
wheels = [
    { url = "https://files.pythonhosted.org/packages/bf/32/3d06c478fd3070ac25a49c2e8ca46b6d76b0048fa9fa255b99ee32f32312/psycopg_binary-3.2.6-cp313-cp313-macosx_10_13_x86_64.whl", hash = "sha256:54af3fbf871baa2eb19df96fd7dc0cbd88e628a692063c3d1ab5cdd00aa04322", size = 3852672, upload_time = "2025-03-12T20:40:42.083Z" },
    { url = "https://files.pythonhosted.org/packages/34/97/e581030e279500ede3096adb510f0e6071874b97cfc047a9a87b7d71fc77/psycopg_binary-3.2.6-cp313-cp313-macosx_11_0_arm64.whl", hash = "sha256:ad5da1e4636776c21eaeacdec42f25fa4612631a12f25cd9ab34ddf2c346ffb9", size = 3936562, upload_time = "2025-03-12T20:40:46.709Z" },
    { url = "https://files.pythonhosted.org/packages/74/b6/6a8df4cb23c3d327403a83406c06c9140f311cb56c4e4d720ee7abf6fddc/psycopg_binary-3.2.6-cp313-cp313-manylinux_2_17_aarch64.manylinux2014_aarch64.whl", hash = "sha256:f7956b9ea56f79cd86eddcfbfc65ae2af1e4fe7932fa400755005d903c709370", size = 4499167, upload_time = "2025-03-12T20:40:51.978Z" },
    { url = "https://files.pythonhosted.org/packages/e4/5b/950eafef61e5e0b8ddb5afc5b6b279756411aa4bf70a346a6f091ad679bb/psycopg_binary-3.2.6-cp313-cp313-manylinux_2_17_i686.manylinux2014_i686.whl", hash = "sha256:1e2efb763188008cf2914820dcb9fb23c10fe2be0d2c97ef0fac7cec28e281d8", size = 4311651, upload_time = "2025-03-12T20:40:56.99Z" },
    { url = "https://files.pythonhosted.org/packages/72/b9/b366c49afc854c26b3053d4d35376046eea9aebdc48ded18ea249ea1f80c/psycopg_binary-3.2.6-cp313-cp313-manylinux_2_17_ppc64le.manylinux2014_ppc64le.whl", hash = "sha256:4b3aab3451679f1e7932270e950259ed48c3b79390022d3f660491c0e65e4838", size = 4547852, upload_time = "2025-03-12T20:41:01.379Z" },
    { url = "https://files.pythonhosted.org/packages/ab/d4/0e047360e2ea387dc7171ca017ffcee5214a0762f74b9dd982035f2e52fb/psycopg_binary-3.2.6-cp313-cp313-manylinux_2_17_x86_64.manylinux2014_x86_64.whl", hash = "sha256:849a370ac4e125f55f2ad37f928e588291a67ccf91fa33d0b1e042bb3ee1f986", size = 4261725, upload_time = "2025-03-12T20:41:05.576Z" },
    { url = "https://files.pythonhosted.org/packages/e3/ea/a1b969804250183900959ebe845d86be7fed2cbd9be58f64cd0fc24b2892/psycopg_binary-3.2.6-cp313-cp313-musllinux_1_2_aarch64.whl", hash = "sha256:566d4ace928419d91f1eb3227fc9ef7b41cf0ad22e93dd2c3368d693cf144408", size = 3850073, upload_time = "2025-03-12T20:41:10.362Z" },
    { url = "https://files.pythonhosted.org/packages/e5/71/ec2907342f0675092b76aea74365b56f38d960c4c635984dcfe25d8178c8/psycopg_binary-3.2.6-cp313-cp313-musllinux_1_2_i686.whl", hash = "sha256:f1981f13b10de2f11cfa2f99a8738b35b3f0a0f3075861446894a8d3042430c0", size = 3320323, upload_time = "2025-03-12T20:41:14.729Z" },
    { url = "https://files.pythonhosted.org/packages/d7/d7/0d2cb4b42f231e2efe8ea1799ce917973d47486212a2c4d33cd331e7ac28/psycopg_binary-3.2.6-cp313-cp313-musllinux_1_2_ppc64le.whl", hash = "sha256:36f598300b55b3c983ae8df06473ad27333d2fd9f3e2cfdb913b3a5aaa3a8bcf", size = 3402335, upload_time = "2025-03-12T20:41:19.103Z" },
    { url = "https://files.pythonhosted.org/packages/66/92/7050c372f78e53eba14695cec6c3a91b2d9ca56feaf0bfe95fe90facf730/psycopg_binary-3.2.6-cp313-cp313-musllinux_1_2_x86_64.whl", hash = "sha256:0f4699fa5fe1fffb0d6b2d14b31fd8c29b7ea7375f89d5989f002aaf21728b21", size = 3440442, upload_time = "2025-03-12T20:41:23.979Z" },
    { url = "https://files.pythonhosted.org/packages/5f/4c/bebcaf754189283b2f3d457822a3d9b233d08ff50973d8f1e8d51f4d35ed/psycopg_binary-3.2.6-cp313-cp313-win_amd64.whl", hash = "sha256:afe697b8b0071f497c5d4c0f41df9e038391534f5614f7fb3a8c1ca32d66e860", size = 2783465, upload_time = "2025-03-12T20:41:30.32Z" },
]

[[package]]
name = "pytest"
version = "8.3.5"
source = { registry = "https://pypi.org/simple" }
dependencies = [
    { name = "colorama", marker = "sys_platform == 'win32'" },
    { name = "iniconfig" },
    { name = "packaging" },
    { name = "pluggy" },
]
sdist = { url = "https://files.pythonhosted.org/packages/ae/3c/c9d525a414d506893f0cd8a8d0de7706446213181570cdbd766691164e40/pytest-8.3.5.tar.gz", hash = "sha256:f4efe70cc14e511565ac476b57c279e12a855b11f48f212af1080ef2263d3845", size = 1450891, upload_time = "2025-03-02T12:54:54.503Z" }
wheels = [
    { url = "https://files.pythonhosted.org/packages/30/3d/64ad57c803f1fa1e963a7946b6e0fea4a70df53c1a7fed304586539c2bac/pytest-8.3.5-py3-none-any.whl", hash = "sha256:c69214aa47deac29fad6c2a4f590b9c4a9fdb16a403176fe154b79c0b4d4d820", size = 343634, upload_time = "2025-03-02T12:54:52.069Z" },
]

[[package]]
name = "tabulate"
version = "0.9.0"
source = { registry = "https://pypi.org/simple" }
sdist = { url = "https://files.pythonhosted.org/packages/ec/fe/802052aecb21e3797b8f7902564ab6ea0d60ff8ca23952079064155d1ae1/tabulate-0.9.0.tar.gz", hash = "sha256:0095b12bf5966de529c0feb1fa08671671b3368eec77d7ef7ab114be2c068b3c", size = 81090, upload_time = "2022-10-06T17:21:48.54Z" }
wheels = [
    { url = "https://files.pythonhosted.org/packages/40/44/4a5f08c96eb108af5cb50b41f76142f0afa346dfa99d5296fe7202a11854/tabulate-0.9.0-py3-none-any.whl", hash = "sha256:024ca478df22e9340661486f85298cff5f6dcdba14f3813e8830015b9ed1948f", size = 35252, upload_time = "2022-10-06T17:21:44.262Z" },
]

[[package]]
name = "tzdata"
version = "2025.2"
source = { registry = "https://pypi.org/simple" }
sdist = { url = "https://files.pythonhosted.org/packages/95/32/1a225d6164441be760d75c2c42e2780dc0873fe382da3e98a2e1e48361e5/tzdata-2025.2.tar.gz", hash = "sha256:b60a638fcc0daffadf82fe0f57e53d06bdec2f36c4df66280ae79bce6bd6f2b9", size = 196380, upload_time = "2025-03-23T13:54:43.652Z" }
wheels = [
    { url = "https://files.pythonhosted.org/packages/5c/23/c7abc0ca0a1526a0774eca151daeb8de62ec457e77262b66b359c3c7679e/tzdata-2025.2-py2.py3-none-any.whl", hash = "sha256:1a403fada01ff9221ca8044d701868fa132215d84beb92242d9acd2147f667a8", size = 347839, upload_time = "2025-03-23T13:54:41.845Z" },
]
